
Microsoft Visual Studio Solution File, Format Version 12.00
# Visual Studio 15
VisualStudioVersion = 15.0.28307.168
MinimumVisualStudioVersion = 10.0.40219.1
Project("{FAE04EC0-301F-11D3-BF4B-00C04F79EFBC}") = "SwissTransport", "src\SwissTransport\SwissTransport.csproj", "{D0262178-A48F-4DE0-807B-E76B63E39421}"
EndProject
Project("{FAE04EC0-301F-11D3-BF4B-00C04F79EFBC}") = "SwissTransportTest", "tests\SwissTransportTest\SwissTransportTest.csproj", "{959C6E54-5B1C-40F5-938A-C57B17451421}"
EndProject
Project("{FAE04EC0-301F-11D3-BF4B-00C04F79EFBC}") = "Fahrplan", "Fahrplan\Fahrplan.csproj", "{3F11CB0C-B07A-4C54-B091-AA9C3F981950}"
EndProject
Global
	GlobalSection(SolutionConfigurationPlatforms) = preSolution
		Debug|Any CPU = Debug|Any CPU
		Release|Any CPU = Release|Any CPU
	EndGlobalSection
	GlobalSection(ProjectConfigurationPlatforms) = postSolution
		{D0262178-A48F-4DE0-807B-E76B63E39421}.Debug|Any CPU.ActiveCfg = Debug|Any CPU
		{D0262178-A48F-4DE0-807B-E76B63E39421}.Debug|Any CPU.Build.0 = Debug|Any CPU
		{D0262178-A48F-4DE0-807B-E76B63E39421}.Release|Any CPU.ActiveCfg = Release|Any CPU
		{D0262178-A48F-4DE0-807B-E76B63E39421}.Release|Any CPU.Build.0 = Release|Any CPU
		{959C6E54-5B1C-40F5-938A-C57B17451421}.Debug|Any CPU.ActiveCfg = Debug|Any CPU
		{959C6E54-5B1C-40F5-938A-C57B17451421}.Debug|Any CPU.Build.0 = Debug|Any CPU
		{959C6E54-5B1C-40F5-938A-C57B17451421}.Release|Any CPU.ActiveCfg = Release|Any CPU
		{959C6E54-5B1C-40F5-938A-C57B17451421}.Release|Any CPU.Build.0 = Release|Any CPU
		{3F11CB0C-B07A-4C54-B091-AA9C3F981950}.Debug|Any CPU.ActiveCfg = Debug|Any CPU
		{3F11CB0C-B07A-4C54-B091-AA9C3F981950}.Debug|Any CPU.Build.0 = Debug|Any CPU
		{3F11CB0C-B07A-4C54-B091-AA9C3F981950}.Release|Any CPU.ActiveCfg = Release|Any CPU
		{3F11CB0C-B07A-4C54-B091-AA9C3F981950}.Release|Any CPU.Build.0 = Release|Any CPU
	EndGlobalSection
	GlobalSection(SolutionProperties) = preSolution
		HideSolutionNode = FALSE
	EndGlobalSection
	GlobalSection(ExtensibilityGlobals) = postSolution
		SolutionGuid = {35E2DF70-F5BC-4F01-8CFF-AE2087BB7D4F}
	EndGlobalSection
EndGlobal
